
Microsoft Visual Studio Solution File, Format Version 12.00
# Visual Studio 14
VisualStudioVersion = 14.0.25420.1
MinimumVisualStudioVersion = 10.0.40219.1
Project("{FAE04EC0-301F-11D3-BF4B-00C04F79EFBC}") = "Elision.Feature.Library.Workflows", "Elision.Feature.Library.Workflows\Elision.Feature.Library.Workflows.csproj", "{E4CFE8CE-6055-4038-89EF-DD677A937DB1}"
EndProject
Project("{CAA73BB0-EF22-4D79-A57E-DF67B3BA9C80}") = "Elision.Feature.Library.Workflows.Fixtures", "Elision.Feature.Library.Workflows.Fixtures\Elision.Feature.Library.Workflows.Fixtures.scproj", "{990D9711-02D7-4DB9-93D6-6C45AA17DC30}"
EndProject
Project("{2150E333-8FDC-42A3-9474-1A3956D46DE8}") = ".tds", ".tds", "{E618F0E5-598C-443E-87F5-0CABED5779D5}"
	ProjectSection(SolutionItems) = preProject
		TdsGlobal.config = TdsGlobal.config
	EndProjectSection
EndProject
Global
	GlobalSection(SolutionConfigurationPlatforms) = preSolution
		Debug|Any CPU = Debug|Any CPU
		Release|Any CPU = Release|Any CPU
	EndGlobalSection
	GlobalSection(ProjectConfigurationPlatforms) = postSolution
		{E4CFE8CE-6055-4038-89EF-DD677A937DB1}.Debug|Any CPU.ActiveCfg = Debug|Any CPU
		{E4CFE8CE-6055-4038-89EF-DD677A937DB1}.Debug|Any CPU.Build.0 = Debug|Any CPU
		{E4CFE8CE-6055-4038-89EF-DD677A937DB1}.Release|Any CPU.ActiveCfg = Release|Any CPU
		{E4CFE8CE-6055-4038-89EF-DD677A937DB1}.Release|Any CPU.Build.0 = Release|Any CPU
		{990D9711-02D7-4DB9-93D6-6C45AA17DC30}.Debug|Any CPU.ActiveCfg = Debug|Any CPU
		{990D9711-02D7-4DB9-93D6-6C45AA17DC30}.Release|Any CPU.ActiveCfg = Release|Any CPU
		{990D9711-02D7-4DB9-93D6-6C45AA17DC30}.Release|Any CPU.Build.0 = Release|Any CPU
		{990D9711-02D7-4DB9-93D6-6C45AA17DC30}.Release|Any CPU.Deploy.0 = Release|Any CPU
	EndGlobalSection
	GlobalSection(SolutionProperties) = preSolution
		HideSolutionNode = FALSE
	EndGlobalSection
EndGlobal
